<?xml version="1.0" encoding="utf-8"?>
<Project ToolsVersion="4.0" xmlns="http://schemas.microsoft.com/developer/msbuild/2003">
  <ItemGroup>
    <Filter Include="ソース ファイル">
      <UniqueIdentifier>{4FC737F1-C7A5-4376-A066-2A32D752A2FF}</UniqueIdentifier>
      <Extensions>cpp;c;cc;cxx;c++;cppm;ixx;def;odl;idl;hpj;bat;asm;asmx</Extensions>
    </Filter>
    <Filter Include="ヘッダー ファイル">
      <UniqueIdentifier>{93995380-89BD-4b04-88EB-625FBE52EBFB}</UniqueIdentifier>
      <Extensions>h;hh;hpp;hxx;h++;hm;inl;inc;ipp;xsd</Extensions>
    </Filter>
    <Filter Include="リソース ファイル">
      <UniqueIdentifier>{67DA6AB6-F800-4c08-8B7A-83BB121AAD01}</UniqueIdentifier>
      <Extensions>rc;ico;cur;bmp;dlg;rc2;rct;bin;rgs;gif;jpg;jpeg;jpe;resx;tiff;tif;png;wav;mfcribbon-ms</Extensions>
    </Filter>
    <Filter Include="モジュール定義">
      <UniqueIdentifier>{28132113-e771-43f1-8129-51f72746e649}</UniqueIdentifier>
    </Filter>
    <Filter Include="プロセス">
      <UniqueIdentifier>{0d286d05-f1d2-4562-abcd-9cc5dc47294f}</UniqueIdentifier>
    </Filter>
    <Filter Include="エキスポート関数">
      <UniqueIdentifier>{af5aac4d-fee9-45cc-84ed-3161bbc270d7}</UniqueIdentifier>
    </Filter>
    <Filter Include="デバッグ出力">
      <UniqueIdentifier>{d678d4f2-0322-4d0f-b32a-75ce40809b0d}</UniqueIdentifier>
    </Filter>
    <Filter Include="ウィンドウ">
      <UniqueIdentifier>{8200209f-be23-4c38-ac80-c44549ea19ab}</UniqueIdentifier>
    </Filter>
    <Filter Include="フォント">
      <UniqueIdentifier>{c650c496-007f-4a75-a329-41c4cb068fb0}</UniqueIdentifier>
    </Filter>
    <Filter Include="フック関数置き換え系">
      <UniqueIdentifier>{23562f14-d3e0-4265-a4c8-e8aae82d3382}</UniqueIdentifier>
    </Filter>
    <Filter Include="メニュー">
      <UniqueIdentifier>{c9479d92-eeda-4bcc-94fb-b4c78e95b060}</UniqueIdentifier>
    </Filter>
    <Filter Include="テスト">
      <UniqueIdentifier>{6014a4d5-da5f-4280-b02a-a54bb4f3739d}</UniqueIdentifier>
    </Filter>
    <Filter Include="画面">
      <UniqueIdentifier>{c98ca62f-c836-4bcc-b6f4-ae9da9a7f21f}</UniqueIdentifier>
    </Filter>
    <Filter Include="JavaScriptMod">
      <UniqueIdentifier>{07123c70-d793-4e09-88aa-5de204ceaa6a}</UniqueIdentifier>
    </Filter>
    <Filter Include="文字列変換">
      <UniqueIdentifier>{4ad314f8-54da-4124-b1c5-4ebed0379532}</UniqueIdentifier>
    </Filter>
    <Filter Include="ファイル">
      <UniqueIdentifier>{49533bd0-ef07-4cb3-a7e9-57651f53efdb}</UniqueIdentifier>
    </Filter>
    <Filter Include="ムービー">
      <UniqueIdentifier>{08c190f4-d9ae-4886-943a-861d303588b4}</UniqueIdentifier>
    </Filter>
    <Filter Include="フック関数ダイレクト">
      <UniqueIdentifier>{1aa95ca2-4f93-4881-a727-6beaed02f00b}</UniqueIdentifier>
    </Filter>
    <Filter Include="官位">
      <UniqueIdentifier>{3e784f53-dc02-4705-980f-08756bc11783}</UniqueIdentifier>
    </Filter>
    <Filter Include="野戦陣形">
      <UniqueIdentifier>{34d02c42-72f0-4d08-af71-06224478a4db}</UniqueIdentifier>
    </Filter>
    <Filter Include="方位">
      <UniqueIdentifier>{ab794618-9494-4a3e-8a05-ad9d7bd01e91}</UniqueIdentifier>
    </Filter>
    <Filter Include="地域">
      <UniqueIdentifier>{6aff4e79-c7ef-4364-999d-b8cef0b3e143}</UniqueIdentifier>
    </Filter>
    <Filter Include="鬼車">
      <UniqueIdentifier>{a7a3bf80-f2a6-425b-bd7a-04530923cd33}</UniqueIdentifier>
    </Filter>
  </ItemGroup>
  <ItemGroup>
    <ClInclude Include="game_process.h">
      <Filter>プロセス</Filter>
    </ClInclude>
    <ClInclude Include="output_debug_stream.h">
      <Filter>デバッグ出力</Filter>
    </ClInclude>
    <ClInclude Include="game_window.h">
      <Filter>ウィンドウ</Filter>
    </ClInclude>
    <ClInclude Include="game_font.h">
      <Filter>フォント</Filter>
    </ClInclude>
    <ClInclude Include="hook_functions_replace.h">
      <Filter>フック関数置き換え系</Filter>
    </ClInclude>
    <ClInclude Include="game_menu.h">
      <Filter>メニュー</Filter>
    </ClInclude>
    <ClInclude Include="game_test.h">
      <Filter>テスト</Filter>
    </ClInclude>
    <ClInclude Include="game_screen.h">
      <Filter>画面</Filter>
    </ClInclude>
    <ClInclude Include="javascript_mod.h">
      <Filter>JavaScriptMod</Filter>
    </ClInclude>
    <ClInclude Include="mng_文字列変換.h">
      <Filter>文字列変換</Filter>
    </ClInclude>
    <ClInclude Include="hook_readfile_custom.h">
      <Filter>フック関数置き換え系</Filter>
    </ClInclude>
    <ClInclude Include="file_attribute.h">
      <Filter>ファイル</Filter>
    </ClInclude>
    <ClInclude Include="resource.h">
      <Filter>ヘッダー ファイル</Filter>
    </ClInclude>
    <ClInclude Include="data_kanni_struct_comment.h">
      <Filter>官位</Filter>
    </ClInclude>
    <ClInclude Include="data_yasen_struct_comment.h">
      <Filter>野戦陣形</Filter>
    </ClInclude>
    <ClInclude Include="data_houi_struct_comment.h">
      <Filter>方位</Filter>
    </ClInclude>
    <ClInclude Include="data_chiiki_struct_comment.h">
      <Filter>地域</Filter>
    </ClInclude>
    <ClInclude Include="hook_functions_replace_comment.h">
      <Filter>フック関数置き換え系</Filter>
    </ClInclude>
    <ClInclude Include="onigwrap.h">
      <Filter>鬼車</Filter>
    </ClInclude>
    <ClInclude Include="..\oniguruma\oniguruma.h">
      <Filter>鬼車</Filter>
    </ClInclude>
  </ItemGroup>
  <ItemGroup>
    <ClCompile Include="game_process.cpp">
      <Filter>プロセス</Filter>
    </ClCompile>
    <ClCompile Include="output_debug_stream.cpp">
      <Filter>デバッグ出力</Filter>
    </ClCompile>
    <ClCompile Include="export_func.cpp">
      <Filter>エキスポート関数</Filter>
    </ClCompile>
    <ClCompile Include="game_window.cpp">
      <Filter>ウィンドウ</Filter>
    </ClCompile>
    <ClCompile Include="game_font.cpp">
      <Filter>フォント</Filter>
    </ClCompile>
    <ClCompile Include="hook_functions_replace.cpp">
      <Filter>フック関数置き換え系</Filter>
    </ClCompile>
    <ClCompile Include="hook_defwindowproca_custom.cpp">
      <Filter>フック関数置き換え系</Filter>
    </ClCompile>
    <ClCompile Include="game_menu.cpp">
      <Filter>メニュー</Filter>
    </ClCompile>
    <ClCompile Include="game_test.cpp">
      <Filter>テスト</Filter>
    </ClCompile>
    <ClCompile Include="hook_setmenu_custom.cpp">
      <Filter>フック関数置き換え系</Filter>
    </ClCompile>
    <ClCompile Include="game_screen.cpp">
      <Filter>画面</Filter>
    </ClCompile>
    <ClCompile Include="javascript_mod.cpp">
      <Filter>JavaScriptMod</Filter>
    </ClCompile>
    <ClCompile Include="mng_文字列変換.cpp">
      <Filter>文字列変換</Filter>
    </ClCompile>
    <ClCompile Include="hook_readfile_custom.cpp">
      <Filter>フック関数置き換え系</Filter>
    </ClCompile>
    <ClCompile Include="file_attribute.cpp">
      <Filter>ファイル</Filter>
    </ClCompile>
    <ClCompile Include="hook_movie_opening_filename.cpp">
      <Filter>ムービー</Filter>
    </ClCompile>
    <ClCompile Include="hook_functions_direct.cpp">
      <Filter>フック関数ダイレクト</Filter>
    </ClCompile>
    <ClCompile Include="hook_movie_ending_filename.cpp">
      <Filter>ムービー</Filter>
    </ClCompile>
    <ClCompile Include="onigwrap.cpp">
      <Filter>鬼車</Filter>
    </ClCompile>
  </ItemGroup>
  <ItemGroup>
    <None Include="dllmain.def">
      <Filter>モジュール定義</Filter>
    </None>
  </ItemGroup>
  <ItemGroup>
    <ResourceCompile Include="Resource.rc">
      <Filter>リソース ファイル</Filter>
    </ResourceCompile>
  </ItemGroup>
  <ItemGroup>
    <Library Include="oniguruma.lib">
      <Filter>鬼車</Filter>
    </Library>
  </ItemGroup>
</Project>