
Microsoft Visual Studio Solution File, Format Version 12.00
# Visual Studio Version 17
VisualStudioVersion = 17.8.34309.116
MinimumVisualStudioVersion = 10.0.40219.1
Project("{8BC9CEB8-8B4A-11D0-8D11-00A0C91BC942}") = "WinMM", "winmm\winmm.vcxproj", "{99C6F6F9-F0CB-4506-8500-FB35065CCF7D}"
EndProject
Project("{8BC9CEB8-8B4A-11D0-8D11-00A0C91BC942}") = "烈風伝.mod", "烈風伝mod\烈風伝.mod.vcxproj", "{E7DB5D3A-B05B-4116-ACCE-916D8E6CE3C3}"
EndProject
Project("{FAE04EC0-301F-11D3-BF4B-00C04F79EFBC}") = "JavaScript.mod", "JavaScript.mod\JavaScript.mod.csproj", "{9484C24F-1192-41AD-8076-F418DDCF3540}"
EndProject
Project("{8BC9CEB8-8B4A-11D0-8D11-00A0C91BC942}") = "oniguruma", "oniguruma\oniguruma.vcxproj", "{4F8401DE-7D7A-4F49-B2D3-6FFBA420AC35}"
EndProject
Global
	GlobalSection(SolutionConfigurationPlatforms) = preSolution
		Debug|Any CPU = Debug|Any CPU
		Debug|x64 = Debug|x64
		Debug|x86 = Debug|x86
		Release|Any CPU = Release|Any CPU
		Release|x64 = Release|x64
		Release|x86 = Release|x86
	EndGlobalSection
	GlobalSection(ProjectConfigurationPlatforms) = postSolution
		{99C6F6F9-F0CB-4506-8500-FB35065CCF7D}.Debug|Any CPU.ActiveCfg = Debug|Win32
		{99C6F6F9-F0CB-4506-8500-FB35065CCF7D}.Debug|Any CPU.Build.0 = Debug|Win32
		{99C6F6F9-F0CB-4506-8500-FB35065CCF7D}.Debug|x64.ActiveCfg = Debug|Win32
		{99C6F6F9-F0CB-4506-8500-FB35065CCF7D}.Debug|x64.Build.0 = Debug|Win32
		{99C6F6F9-F0CB-4506-8500-FB35065CCF7D}.Debug|x86.ActiveCfg = Debug|Win32
		{99C6F6F9-F0CB-4506-8500-FB35065CCF7D}.Debug|x86.Build.0 = Debug|Win32
		{99C6F6F9-F0CB-4506-8500-FB35065CCF7D}.Release|Any CPU.ActiveCfg = Release|Win32
		{99C6F6F9-F0CB-4506-8500-FB35065CCF7D}.Release|Any CPU.Build.0 = Release|Win32
		{99C6F6F9-F0CB-4506-8500-FB35065CCF7D}.Release|x64.ActiveCfg = Release|Win32
		{99C6F6F9-F0CB-4506-8500-FB35065CCF7D}.Release|x64.Build.0 = Release|Win32
		{99C6F6F9-F0CB-4506-8500-FB35065CCF7D}.Release|x86.ActiveCfg = Release|Win32
		{99C6F6F9-F0CB-4506-8500-FB35065CCF7D}.Release|x86.Build.0 = Release|Win32
		{E7DB5D3A-B05B-4116-ACCE-916D8E6CE3C3}.Debug|Any CPU.ActiveCfg = Debug|Win32
		{E7DB5D3A-B05B-4116-ACCE-916D8E6CE3C3}.Debug|Any CPU.Build.0 = Debug|Win32
		{E7DB5D3A-B05B-4116-ACCE-916D8E6CE3C3}.Debug|x64.ActiveCfg = Debug|Win32
		{E7DB5D3A-B05B-4116-ACCE-916D8E6CE3C3}.Debug|x64.Build.0 = Debug|Win32
		{E7DB5D3A-B05B-4116-ACCE-916D8E6CE3C3}.Debug|x86.ActiveCfg = Debug|Win32
		{E7DB5D3A-B05B-4116-ACCE-916D8E6CE3C3}.Debug|x86.Build.0 = Debug|Win32
		{E7DB5D3A-B05B-4116-ACCE-916D8E6CE3C3}.Release|Any CPU.ActiveCfg = Release|Win32
		{E7DB5D3A-B05B-4116-ACCE-916D8E6CE3C3}.Release|Any CPU.Build.0 = Release|Win32
		{E7DB5D3A-B05B-4116-ACCE-916D8E6CE3C3}.Release|x64.ActiveCfg = Release|Win32
		{E7DB5D3A-B05B-4116-ACCE-916D8E6CE3C3}.Release|x64.Build.0 = Release|Win32
		{E7DB5D3A-B05B-4116-ACCE-916D8E6CE3C3}.Release|x86.ActiveCfg = Release|Win32
		{E7DB5D3A-B05B-4116-ACCE-916D8E6CE3C3}.Release|x86.Build.0 = Release|Win32
		{9484C24F-1192-41AD-8076-F418DDCF3540}.Debug|Any CPU.ActiveCfg = Debug|Any CPU
		{9484C24F-1192-41AD-8076-F418DDCF3540}.Debug|Any CPU.Build.0 = Debug|Any CPU
		{9484C24F-1192-41AD-8076-F418DDCF3540}.Debug|x64.ActiveCfg = Debug|Any CPU
		{9484C24F-1192-41AD-8076-F418DDCF3540}.Debug|x64.Build.0 = Debug|Any CPU
		{9484C24F-1192-41AD-8076-F418DDCF3540}.Debug|x86.ActiveCfg = Debug|Any CPU
		{9484C24F-1192-41AD-8076-F418DDCF3540}.Debug|x86.Build.0 = Debug|Any CPU
		{9484C24F-1192-41AD-8076-F418DDCF3540}.Release|Any CPU.ActiveCfg = Release|Any CPU
		{9484C24F-1192-41AD-8076-F418DDCF3540}.Release|Any CPU.Build.0 = Release|Any CPU
		{9484C24F-1192-41AD-8076-F418DDCF3540}.Release|x64.ActiveCfg = Release|Any CPU
		{9484C24F-1192-41AD-8076-F418DDCF3540}.Release|x64.Build.0 = Release|Any CPU
		{9484C24F-1192-41AD-8076-F418DDCF3540}.Release|x86.ActiveCfg = Release|Any CPU
		{9484C24F-1192-41AD-8076-F418DDCF3540}.Release|x86.Build.0 = Release|Any CPU
		{4F8401DE-7D7A-4F49-B2D3-6FFBA420AC35}.Debug|Any CPU.ActiveCfg = Debug|Win32
		{4F8401DE-7D7A-4F49-B2D3-6FFBA420AC35}.Debug|Any CPU.Build.0 = Debug|Win32
		{4F8401DE-7D7A-4F49-B2D3-6FFBA420AC35}.Debug|x64.ActiveCfg = Debug|Win32
		{4F8401DE-7D7A-4F49-B2D3-6FFBA420AC35}.Debug|x64.Build.0 = Debug|Win32
		{4F8401DE-7D7A-4F49-B2D3-6FFBA420AC35}.Debug|x86.ActiveCfg = Debug|Win32
		{4F8401DE-7D7A-4F49-B2D3-6FFBA420AC35}.Debug|x86.Build.0 = Debug|Win32
		{4F8401DE-7D7A-4F49-B2D3-6FFBA420AC35}.Release|Any CPU.ActiveCfg = Release|Win32
		{4F8401DE-7D7A-4F49-B2D3-6FFBA420AC35}.Release|Any CPU.Build.0 = Release|Win32
		{4F8401DE-7D7A-4F49-B2D3-6FFBA420AC35}.Release|x64.ActiveCfg = Release|Win32
		{4F8401DE-7D7A-4F49-B2D3-6FFBA420AC35}.Release|x64.Build.0 = Release|Win32
		{4F8401DE-7D7A-4F49-B2D3-6FFBA420AC35}.Release|x86.ActiveCfg = Release|Win32
		{4F8401DE-7D7A-4F49-B2D3-6FFBA420AC35}.Release|x86.Build.0 = Release|Win32
	EndGlobalSection
	GlobalSection(SolutionProperties) = preSolution
		HideSolutionNode = FALSE
	EndGlobalSection
	GlobalSection(ExtensibilityGlobals) = postSolution
		SolutionGuid = {91853A94-27CC-4B5E-B0B0-AE2136146D0B}
	EndGlobalSection
EndGlobal
